# herdr-lazy lock — resolved plugin set at last sync.
# Each `owner/repo@commit` reproduces exactly via `plugin install --ref`.
# Commits come from herdr's own `source.resolved_commit`.

natori-hrj/herdr-lazy@3e39db61e7d9c4ed985850b6359362854afe8d44
persiyanov/herdr-reviewr@42ccaaa72176937181c82a91484f97466fb5ed59
uwuclxdy/clauth/herdr-plugin@15072ca4ddbb0e76b8f0cb631947d06523426e21
itisbryan/herdr-gh-checks@c761b87d2e9dec4c3c5b782386d5e314b96fdee9
