# herdr-lazy lock — resolved plugin set at last sync.
# Each `owner/repo@commit` reproduces exactly via `plugin install --ref`.
# Commits come from herdr's own `source.resolved_commit`.

gecm0/herdr-plugin-agents-usage@6351d33a53d459919a4a34ac8b5639a8d194638f
rjyo/herdr-window-title-sync@b07f1140b7308d66487b2f4be546c0c7db065569
senna-lang/herdr-agent-usage@c359e681f3fa90ea7b7017fce83645a03a2bddc7
natori-hrj/herdr-lazy@3e39db61e7d9c4ed985850b6359362854afe8d44
persiyanov/herdr-reviewr@42ccaaa72176937181c82a91484f97466fb5ed59
Davidcreador/herdr-token-dashboard@b8c9bbe5c46d976e32ed51146139b0996bf7f334
alexarthurs/herdr-sidebar/plugins/herdr-sidebar@f1be1d74eafc4119cdcb615d5a4fabf56e5c9f8a
jmarbutt/herdr-spaces-pr-status@8a56c5dce0bd65e47eddc9a1d862ddae870cddc3
